
Microsoft Visual Studio Solution File, Format Version 12.00
# Visual Studio Version 17
VisualStudioVersion = 17.5.002.0
MinimumVisualStudioVersion = 10.0.40219.1
Project("{9A19103F-16F7-4668-BE54-9A1E7A4F7556}") = "WebApi", "WebApi.csproj", "{CA53127A-071A-4C8B-B37A-8A5CCDBFA285}"
EndProject
Global
	GlobalSection(SolutionConfigurationPlatforms) = preSolution
		Debug|Any CPU = Debug|Any CPU
		Release|Any CPU = Release|Any CPU
	EndGlobalSection
	GlobalSection(ProjectConfigurationPlatforms) = postSolution
		{CA53127A-071A-4C8B-B37A-8A5CCDBFA285}.Debug|Any CPU.ActiveCfg = Debug|Any CPU
		{CA53127A-071A-4C8B-B37A-8A5CCDBFA285}.Debug|Any CPU.Build.0 = Debug|Any CPU
		{CA53127A-071A-4C8B-B37A-8A5CCDBFA285}.Release|Any CPU.ActiveCfg = Release|Any CPU
		{CA53127A-071A-4C8B-B37A-8A5CCDBFA285}.Release|Any CPU.Build.0 = Release|Any CPU
	EndGlobalSection
	GlobalSection(SolutionProperties) = preSolution
		HideSolutionNode = FALSE
	EndGlobalSection
	GlobalSection(ExtensibilityGlobals) = postSolution
		SolutionGuid = {413CEF57-356B-4DBA-A950-5DC5B17BC4C8}
	EndGlobalSection
EndGlobal
